// !$*UTF8*$!
{
	archiveVersion = 1;
	classes = {
	};
	objectVersion = 46;
	objects = {

/* Begin PBXBuildFile section */
		1D1421B0195AA97B0011FCB7 /* CoreTelephony.framework in Frameworks */ = {isa = PBXBuildFile; fileRef = 1D1421AF195AA97B0011FCB7 /* CoreTelephony.framework */; };
		1D2167691951B02200B03DE3 /* libsqlite3.dylib in Frameworks */ = {isa = PBXBuildFile; fileRef = 1D2167681951B02200B03DE3 /* libsqlite3.dylib */; };
		1D3B94AE19505C5E000C0C47 /* libz.dylib in Frameworks */ = {isa = PBXBuildFile; fileRef = 1D3B94AD19505C5E000C0C47 /* libz.dylib */; };
		1D3B94B019505C80000C0C47 /* SystemConfiguration.framework in Frameworks */ = {isa = PBXBuildFile; fileRef = 1D3B94AF19505C80000C0C47 /* SystemConfiguration.framework */; };
		1D5389881BF32AD700ABC5D3 /* libsqlite3.tbd in Frameworks */ = {isa = PBXBuildFile; fileRef = 1D5389871BF32AD700ABC5D3 /* libsqlite3.tbd */; };
		1D6B87CA1BE73A2B00A7FEFB /* CoreLocation.framework in Frameworks */ = {isa = PBXBuildFile; fileRef = 1D6B87C91BE73A2B00A7FEFB /* CoreLocation.framework */; };
		1D6B87CE1BE73A6F00A7FEFB /* CFNetwork.framework in Frameworks */ = {isa = PBXBuildFile; fileRef = 1D6B87CD1BE73A6F00A7FEFB /* CFNetwork.framework */; };
		1DAF80F21BCCE667008C7F33 /* libz.tbd in Frameworks */ = {isa = PBXBuildFile; fileRef = 1DAF80F11BCCE667008C7F33 /* libz.tbd */; };
		1DBE3BCD1C02A04800DAC62D /* CoreGraphics.framework in Frameworks */ = {isa = PBXBuildFile; fileRef = 1DBE3BCC1C02A04800DAC62D /* CoreGraphics.framework */; };
		1DE0DF311BDDC78C00B9F455 /* CoreMotion.framework in Frameworks */ = {isa = PBXBuildFile; fileRef = 1DE0DF301BDDC78C00B9F455 /* CoreMotion.framework */; };
		6825DDA11D01CFDF00D8289F /* AMapFoundationKit.framework in Frameworks */ = {isa = PBXBuildFile; fileRef = 6825DD9F1D01CFDF00D8289F /* AMapFoundationKit.framework */; };
		6825DDA21D01CFDF00D8289F /* AMapSearchKit.framework in Frameworks */ = {isa = PBXBuildFile; fileRef = 6825DDA01D01CFDF00D8289F /* AMapSearchKit.framework */; };
		6825DDA41D01CFED00D8289F /* AMap.bundle in Resources */ = {isa = PBXBuildFile; fileRef = 6825DDA31D01CFED00D8289F /* AMap.bundle */; };
		6825DDA61D01D05E00D8289F /* OpenGLES.framework in Frameworks */ = {isa = PBXBuildFile; fileRef = 6825DDA51D01D05E00D8289F /* OpenGLES.framework */; };
		6825DDA81D01D08800D8289F /* libstdc++.6.0.9.tbd in Frameworks */ = {isa = PBXBuildFile; fileRef = 6825DDA71D01D08800D8289F /* libstdc++.6.0.9.tbd */; };
		6825DDAA1D01D09C00D8289F /* libc++.tbd in Frameworks */ = {isa = PBXBuildFile; fileRef = 6825DDA91D01D09C00D8289F /* libc++.tbd */; };
		688ABA2A1D0153BF003F78CB /* AppDelegate.mm in Sources */ = {isa = PBXBuildFile; fileRef = 688ABA101D0153BF003F78CB /* AppDelegate.mm */; };
		688ABA2B1D0153BF003F78CB /* Images.xcassets in Resources */ = {isa = PBXBuildFile; fileRef = 688ABA111D0153BF003F78CB /* Images.xcassets */; };
		688ABA311D0153BF003F78CB /* Common.m in Sources */ = {isa = PBXBuildFile; fileRef = 688ABA231D0153BF003F78CB /* Common.m */; };
		688ABA361D0153F8003F78CB /* FNLoginViewController.m in Sources */ = {isa = PBXBuildFile; fileRef = 688ABA341D0153F8003F78CB /* FNLoginViewController.m */; };
		688ABA371D0153F8003F78CB /* FNLoginViewController.xib in Resources */ = {isa = PBXBuildFile; fileRef = 688ABA351D0153F8003F78CB /* FNLoginViewController.xib */; };
		688ABA441D015639003F78CB /* main.m in Sources */ = {isa = PBXBuildFile; fileRef = 688ABA401D015639003F78CB /* main.m */; };
		688ABA461D015772003F78CB /* InfoPlist.strings in Resources */ = {isa = PBXBuildFile; fileRef = 688ABA3B1D015639003F78CB /* InfoPlist.strings */; };
		688ABA4E1D018A7C003F78CB /* AMapLocationKit.framework in Frameworks */ = {isa = PBXBuildFile; fileRef = 688ABA4A1D018A7C003F78CB /* AMapLocationKit.framework */; };
		688ABA4F1D018A7C003F78CB /* MAMapKit.framework in Frameworks */ = {isa = PBXBuildFile; fileRef = 688ABA4C1D018A7C003F78CB /* MAMapKit.framework */; };
		68BABDC819ECC87200B795A0 /* Security.framework in Frameworks */ = {isa = PBXBuildFile; fileRef = 68BABDC719ECC87200B795A0 /* Security.framework */; };
		68FFC97D1D01DA25001D76F5 /* AMapNaviKit.framework in Frameworks */ = {isa = PBXBuildFile; fileRef = 688ABA481D018A7C003F78CB /* AMapNaviKit.framework */; };
		68FFC9801D01DA34001D76F5 /* AMapNavi.bundle in Frameworks */ = {isa = PBXBuildFile; fileRef = 68FFC97E1D01DA34001D76F5 /* AMapNavi.bundle */; };
		68FFC9811D01DA34001D76F5 /* AMapNaviKit in Frameworks */ = {isa = PBXBuildFile; fileRef = 68FFC97F1D01DA34001D76F5 /* AMapNaviKit */; };
		68FFC9831D01DA4C001D76F5 /* AudioToolbox.framework in Frameworks */ = {isa = PBXBuildFile; fileRef = 68FFC9821D01DA4C001D76F5 /* AudioToolbox.framework */; };
		68FFC9841D01DA51001D76F5 /* AVFoundation.framework in Frameworks */ = {isa = PBXBuildFile; fileRef = 1D6B87CB1BE73A5000A7FEFB /* AVFoundation.framework */; };
		68FFC9861D01DA5A001D76F5 /* AddressBook.framework in Frameworks */ = {isa = PBXBuildFile; fileRef = 68FFC9851D01DA5A001D76F5 /* AddressBook.framework */; };
		68FFC98A1D01DB2A001D76F5 /* FNavViewController.m in Sources */ = {isa = PBXBuildFile; fileRef = 68FFC9881D01DB2A001D76F5 /* FNavViewController.m */; };
		68FFC98B1D01DB2A001D76F5 /* FNavViewController.xib in Resources */ = {isa = PBXBuildFile; fileRef = 68FFC9891D01DB2A001D76F5 /* FNavViewController.xib */; };
/* End PBXBuildFile section */

/* Begin PBXFileReference section */
		1D1421AF195AA97B0011FCB7 /* CoreTelephony.framework */ = {isa = PBXFileReference; lastKnownFileType = wrapper.framework; name = CoreTelephony.framework; path = System/Library/Frameworks/CoreTelephony.framework; sourceTree = SDKROOT; };
		1D1DAD321B9D3ADB008CA047 /* JavaScriptCore.framework */ = {isa = PBXFileReference; lastKnownFileType = wrapper.framework; name = JavaScriptCore.framework; path = System/Library/Frameworks/JavaScriptCore.framework; sourceTree = SDKROOT; };
		1D2167681951B02200B03DE3 /* libsqlite3.dylib */ = {isa = PBXFileReference; lastKnownFileType = "compiled.mach-o.dylib"; name = libsqlite3.dylib; path = usr/lib/libsqlite3.dylib; sourceTree = SDKROOT; };
		1D3B94AD19505C5E000C0C47 /* libz.dylib */ = {isa = PBXFileReference; lastKnownFileType = "compiled.mach-o.dylib"; name = libz.dylib; path = usr/lib/libz.dylib; sourceTree = SDKROOT; };
		1D3B94AF19505C80000C0C47 /* SystemConfiguration.framework */ = {isa = PBXFileReference; lastKnownFileType = wrapper.framework; name = SystemConfiguration.framework; path = System/Library/Frameworks/SystemConfiguration.framework; sourceTree = SDKROOT; };
		1D5389871BF32AD700ABC5D3 /* libsqlite3.tbd */ = {isa = PBXFileReference; lastKnownFileType = "sourcecode.text-based-dylib-definition"; name = libsqlite3.tbd; path = usr/lib/libsqlite3.tbd; sourceTree = SDKROOT; };
		1D6B87C91BE73A2B00A7FEFB /* CoreLocation.framework */ = {isa = PBXFileReference; lastKnownFileType = wrapper.framework; name = CoreLocation.framework; path = System/Library/Frameworks/CoreLocation.framework; sourceTree = SDKROOT; };
		1D6B87CB1BE73A5000A7FEFB /* AVFoundation.framework */ = {isa = PBXFileReference; lastKnownFileType = wrapper.framework; name = AVFoundation.framework; path = System/Library/Frameworks/AVFoundation.framework; sourceTree = SDKROOT; };
		1D6B87CD1BE73A6F00A7FEFB /* CFNetwork.framework */ = {isa = PBXFileReference; lastKnownFileType = wrapper.framework; name = CFNetwork.framework; path = System/Library/Frameworks/CFNetwork.framework; sourceTree = SDKROOT; };
		1DAF80F11BCCE667008C7F33 /* libz.tbd */ = {isa = PBXFileReference; lastKnownFileType = "sourcecode.text-based-dylib-definition"; name = libz.tbd; path = usr/lib/libz.tbd; sourceTree = SDKROOT; };
		1DBE3BCC1C02A04800DAC62D /* CoreGraphics.framework */ = {isa = PBXFileReference; lastKnownFileType = wrapper.framework; name = CoreGraphics.framework; path = System/Library/Frameworks/CoreGraphics.framework; sourceTree = SDKROOT; };
		1DE0DF2E1BDDC78100B9F455 /* AdSupport.framework */ = {isa = PBXFileReference; lastKnownFileType = wrapper.framework; name = AdSupport.framework; path = System/Library/Frameworks/AdSupport.framework; sourceTree = SDKROOT; };
		1DE0DF301BDDC78C00B9F455 /* CoreMotion.framework */ = {isa = PBXFileReference; lastKnownFileType = wrapper.framework; name = CoreMotion.framework; path = System/Library/Frameworks/CoreMotion.framework; sourceTree = SDKROOT; };
		6825DD9F1D01CFDF00D8289F /* AMapFoundationKit.framework */ = {isa = PBXFileReference; lastKnownFileType = wrapper.framework; path = AMapFoundationKit.framework; sourceTree = "<group>"; };
		6825DDA01D01CFDF00D8289F /* AMapSearchKit.framework */ = {isa = PBXFileReference; lastKnownFileType = wrapper.framework; path = AMapSearchKit.framework; sourceTree = "<group>"; };
		6825DDA31D01CFED00D8289F /* AMap.bundle */ = {isa = PBXFileReference; lastKnownFileType = "wrapper.plug-in"; name = AMap.bundle; path = 3rd/Gaode_MAMapKit/MAMapKit.framework/AMap.bundle; sourceTree = "<group>"; };
		6825DDA51D01D05E00D8289F /* OpenGLES.framework */ = {isa = PBXFileReference; lastKnownFileType = wrapper.framework; name = OpenGLES.framework; path = System/Library/Frameworks/OpenGLES.framework; sourceTree = SDKROOT; };
		6825DDA71D01D08800D8289F /* libstdc++.6.0.9.tbd */ = {isa = PBXFileReference; lastKnownFileType = "sourcecode.text-based-dylib-definition"; name = "libstdc++.6.0.9.tbd"; path = "usr/lib/libstdc++.6.0.9.tbd"; sourceTree = SDKROOT; };
		6825DDA91D01D09C00D8289F /* libc++.tbd */ = {isa = PBXFileReference; lastKnownFileType = "sourcecode.text-based-dylib-definition"; name = "libc++.tbd"; path = "usr/lib/libc++.tbd"; sourceTree = SDKROOT; };
		6875CBAE1B881B5F0012BA9A /* MessageUI.framework */ = {isa = PBXFileReference; lastKnownFileType = wrapper.framework; name = MessageUI.framework; path = System/Library/Frameworks/MessageUI.framework; sourceTree = SDKROOT; };
		687638DA1A9FFD23002E936C /* MapKit.framework */ = {isa = PBXFileReference; lastKnownFileType = wrapper.framework; name = MapKit.framework; path = System/Library/Frameworks/MapKit.framework; sourceTree = SDKROOT; };
		688ABA0F1D0153BF003F78CB /* AppDelegate.h */ = {isa = PBXFileReference; fileEncoding = 4; lastKnownFileType = sourcecode.c.h; path = AppDelegate.h; sourceTree = "<group>"; };
		688ABA101D0153BF003F78CB /* AppDelegate.mm */ = {isa = PBXFileReference; fileEncoding = 4; lastKnownFileType = sourcecode.cpp.objcpp; path = AppDelegate.mm; sourceTree = "<group>"; };
		688ABA111D0153BF003F78CB /* Images.xcassets */ = {isa = PBXFileReference; lastKnownFileType = folder.assetcatalog; path = Images.xcassets; sourceTree = "<group>"; };
		688ABA221D0153BF003F78CB /* Common.h */ = {isa = PBXFileReference; fileEncoding = 4; lastKnownFileType = sourcecode.c.h; path = Common.h; sourceTree = "<group>"; };
		688ABA231D0153BF003F78CB /* Common.m */ = {isa = PBXFileReference; fileEncoding = 4; lastKnownFileType = sourcecode.c.objc; path = Common.m; sourceTree = "<group>"; };
		688ABA251D0153BF003F78CB /* Constant.h */ = {isa = PBXFileReference; fileEncoding = 4; lastKnownFileType = sourcecode.c.h; path = Constant.h; sourceTree = "<group>"; };
		688ABA271D0153BF003F78CB /* GlobalDef.h */ = {isa = PBXFileReference; fileEncoding = 4; lastKnownFileType = sourcecode.c.h; path = GlobalDef.h; sourceTree = "<group>"; };
		688ABA291D0153BF003F78CB /* MacroDef.h */ = {isa = PBXFileReference; fileEncoding = 4; lastKnownFileType = sourcecode.c.h; path = MacroDef.h; sourceTree = "<group>"; };
		688ABA331D0153F8003F78CB /* FNLoginViewController.h */ = {isa = PBXFileReference; fileEncoding = 4; lastKnownFileType = sourcecode.c.h; path = FNLoginViewController.h; sourceTree = "<group>"; };
		688ABA341D0153F8003F78CB /* FNLoginViewController.m */ = {isa = PBXFileReference; fileEncoding = 4; lastKnownFileType = sourcecode.c.objc; path = FNLoginViewController.m; sourceTree = "<group>"; };
		688ABA351D0153F8003F78CB /* FNLoginViewController.xib */ = {isa = PBXFileReference; fileEncoding = 4; lastKnownFileType = file.xib; path = FNLoginViewController.xib; sourceTree = "<group>"; };
		688ABA381D015639003F78CB /* FoodNav-Prefix.pch */ = {isa = PBXFileReference; fileEncoding = 4; lastKnownFileType = sourcecode.c.h; name = "FoodNav-Prefix.pch"; path = "FoodNav/SupportFiles/FoodNav-Prefix.pch"; sourceTree = SOURCE_ROOT; };
		688ABA391D015639003F78CB /* FoodNav-Info.plist */ = {isa = PBXFileReference; fileEncoding = 4; lastKnownFileType = text.plist.xml; name = "FoodNav-Info.plist"; path = "FoodNav/SupportFiles/FoodNav-Info.plist"; sourceTree = SOURCE_ROOT; };
		688ABA3C1D015639003F78CB /* en */ = {isa = PBXFileReference; lastKnownFileType = text.plist.strings; name = en; path = InfoPlist.strings; sourceTree = "<group>"; };
		688ABA3F1D015639003F78CB /* zh-Hans */ = {isa = PBXFileReference; lastKnownFileType = text.plist.strings; name = "zh-Hans"; path = InfoPlist.strings; sourceTree = "<group>"; };
		688ABA401D015639003F78CB /* main.m */ = {isa = PBXFileReference; fileEncoding = 4; lastKnownFileType = sourcecode.c.objc; name = main.m; path = FoodNav/SupportFiles/main.m; sourceTree = SOURCE_ROOT; };
		688ABA481D018A7C003F78CB /* AMapNaviKit.framework */ = {isa = PBXFileReference; lastKnownFileType = wrapper.framework; path = AMapNaviKit.framework; sourceTree = "<group>"; };
		688ABA4A1D018A7C003F78CB /* AMapLocationKit.framework */ = {isa = PBXFileReference; lastKnownFileType = wrapper.framework; path = AMapLocationKit.framework; sourceTree = "<group>"; };
		688ABA4C1D018A7C003F78CB /* MAMapKit.framework */ = {isa = PBXFileReference; lastKnownFileType = wrapper.framework; path = MAMapKit.framework; sourceTree = "<group>"; };
		68BABDC719ECC87200B795A0 /* Security.framework */ = {isa = PBXFileReference; lastKnownFileType = wrapper.framework; name = Security.framework; path = System/Library/Frameworks/Security.framework; sourceTree = SDKROOT; };
		68FFC97E1D01DA34001D76F5 /* AMapNavi.bundle */ = {isa = PBXFileReference; lastKnownFileType = "wrapper.plug-in"; name = AMapNavi.bundle; path = FoodNav/3rd/Gaode_AMapNaviKit/AMapNaviKit.framework/AMapNavi.bundle; sourceTree = "<group>"; };
		68FFC97F1D01DA34001D76F5 /* AMapNaviKit */ = {isa = PBXFileReference; lastKnownFileType = archive.ar; name = AMapNaviKit; path = FoodNav/3rd/Gaode_AMapNaviKit/AMapNaviKit.framework/AMapNaviKit; sourceTree = "<group>"; };
		68FFC9821D01DA4C001D76F5 /* AudioToolbox.framework */ = {isa = PBXFileReference; lastKnownFileType = wrapper.framework; name = AudioToolbox.framework; path = System/Library/Frameworks/AudioToolbox.framework; sourceTree = SDKROOT; };
		68FFC9851D01DA5A001D76F5 /* AddressBook.framework */ = {isa = PBXFileReference; lastKnownFileType = wrapper.framework; name = AddressBook.framework; path = System/Library/Frameworks/AddressBook.framework; sourceTree = SDKROOT; };
		68FFC9871D01DB2A001D76F5 /* FNavViewController.h */ = {isa = PBXFileReference; fileEncoding = 4; lastKnownFileType = sourcecode.c.h; path = FNavViewController.h; sourceTree = "<group>"; };
		68FFC9881D01DB2A001D76F5 /* FNavViewController.m */ = {isa = PBXFileReference; fileEncoding = 4; lastKnownFileType = sourcecode.c.objc; path = FNavViewController.m; sourceTree = "<group>"; };
		68FFC9891D01DB2A001D76F5 /* FNavViewController.xib */ = {isa = PBXFileReference; fileEncoding = 4; lastKnownFileType = file.xib; path = FNavViewController.xib; sourceTree = "<group>"; };
		84131F1D176EACB400247373 /* FoodNav.app */ = {isa = PBXFileReference; explicitFileType = wrapper.application; includeInIndex = 0; path = FoodNav.app; sourceTree = BUILT_PRODUCTS_DIR; };
/* End PBXFileReference section */

/* Begin PBXFrameworksBuildPhase section */
		84131F1A176EACB400247373 /* Frameworks */ = {
			isa = PBXFrameworksBuildPhase;
			buildActionMask = 2147483647;
			files = (
				68FFC9861D01DA5A001D76F5 /* AddressBook.framework in Frameworks */,
				68FFC9841D01DA51001D76F5 /* AVFoundation.framework in Frameworks */,
				68FFC9831D01DA4C001D76F5 /* AudioToolbox.framework in Frameworks */,
				68FFC9801D01DA34001D76F5 /* AMapNavi.bundle in Frameworks */,
				68FFC9811D01DA34001D76F5 /* AMapNaviKit in Frameworks */,
				68FFC97D1D01DA25001D76F5 /* AMapNaviKit.framework in Frameworks */,
				6825DDAA1D01D09C00D8289F /* libc++.tbd in Frameworks */,
				6825DDA81D01D08800D8289F /* libstdc++.6.0.9.tbd in Frameworks */,
				6825DDA61D01D05E00D8289F /* OpenGLES.framework in Frameworks */,
				6825DDA11D01CFDF00D8289F /* AMapFoundationKit.framework in Frameworks */,
				6825DDA21D01CFDF00D8289F /* AMapSearchKit.framework in Frameworks */,
				688ABA4F1D018A7C003F78CB /* MAMapKit.framework in Frameworks */,
				1DBE3BCD1C02A04800DAC62D /* CoreGraphics.framework in Frameworks */,
				1D5389881BF32AD700ABC5D3 /* libsqlite3.tbd in Frameworks */,
				1D6B87CE1BE73A6F00A7FEFB /* CFNetwork.framework in Frameworks */,
				1D6B87CA1BE73A2B00A7FEFB /* CoreLocation.framework in Frameworks */,
				1DE0DF311BDDC78C00B9F455 /* CoreMotion.framework in Frameworks */,
				1DAF80F21BCCE667008C7F33 /* libz.tbd in Frameworks */,
				68BABDC819ECC87200B795A0 /* Security.framework in Frameworks */,
				1D1421B0195AA97B0011FCB7 /* CoreTelephony.framework in Frameworks */,
				1D2167691951B02200B03DE3 /* libsqlite3.dylib in Frameworks */,
				688ABA4E1D018A7C003F78CB /* AMapLocationKit.framework in Frameworks */,
				1D3B94B019505C80000C0C47 /* SystemConfiguration.framework in Frameworks */,
				1D3B94AE19505C5E000C0C47 /* libz.dylib in Frameworks */,
			);
			runOnlyForDeploymentPostprocessing = 0;
		};
/* End PBXFrameworksBuildPhase section */

/* Begin PBXGroup section */
		1D3B94B319505C98000C0C47 /* Frameworks */ = {
			isa = PBXGroup;
			children = (
				68FFC9851D01DA5A001D76F5 /* AddressBook.framework */,
				68FFC9821D01DA4C001D76F5 /* AudioToolbox.framework */,
				68FFC97E1D01DA34001D76F5 /* AMapNavi.bundle */,
				68FFC97F1D01DA34001D76F5 /* AMapNaviKit */,
				6825DDA91D01D09C00D8289F /* libc++.tbd */,
				6825DDA71D01D08800D8289F /* libstdc++.6.0.9.tbd */,
				6825DDA51D01D05E00D8289F /* OpenGLES.framework */,
				1DBE3BCC1C02A04800DAC62D /* CoreGraphics.framework */,
				1D2167681951B02200B03DE3 /* libsqlite3.dylib */,
				1D3B94AD19505C5E000C0C47 /* libz.dylib */,
				1DE0DF2E1BDDC78100B9F455 /* AdSupport.framework */,
				1D6B87CB1BE73A5000A7FEFB /* AVFoundation.framework */,
				1D6B87CD1BE73A6F00A7FEFB /* CFNetwork.framework */,
				1D6B87C91BE73A2B00A7FEFB /* CoreLocation.framework */,
				1DE0DF301BDDC78C00B9F455 /* CoreMotion.framework */,
				1D1421AF195AA97B0011FCB7 /* CoreTelephony.framework */,
				1D1DAD321B9D3ADB008CA047 /* JavaScriptCore.framework */,
				687638DA1A9FFD23002E936C /* MapKit.framework */,
				6875CBAE1B881B5F0012BA9A /* MessageUI.framework */,
				68BABDC719ECC87200B795A0 /* Security.framework */,
				1D3B94AF19505C80000C0C47 /* SystemConfiguration.framework */,
				1D5389871BF32AD700ABC5D3 /* libsqlite3.tbd */,
				1DAF80F11BCCE667008C7F33 /* libz.tbd */,
			);
			name = Frameworks;
			sourceTree = "<group>";
		};
		1D800976192CDD6700B9124E /* Supporting Files */ = {
			isa = PBXGroup;
			children = (
				688ABA381D015639003F78CB /* FoodNav-Prefix.pch */,
				688ABA391D015639003F78CB /* FoodNav-Info.plist */,
				688ABA3A1D015639003F78CB /* en.lproj */,
				688ABA3D1D015639003F78CB /* zh-Hans.lproj */,
				688ABA401D015639003F78CB /* main.m */,
			);
			name = "Supporting Files";
			path = Cattle/SupportFiles;
			sourceTree = "<group>";
		};
		688ABA0D1D0153BF003F78CB /* FoodNav */ = {
			isa = PBXGroup;
			children = (
				6825DDA31D01CFED00D8289F /* AMap.bundle */,
				688ABA0F1D0153BF003F78CB /* AppDelegate.h */,
				688ABA101D0153BF003F78CB /* AppDelegate.mm */,
				688ABA121D0153BF003F78CB /* Manager */,
				688ABA131D0153BF003F78CB /* Resource */,
				688ABA0E1D0153BF003F78CB /* 3rd */,
				688ABA1B1D0153BF003F78CB /* UI */,
				688ABA1F1D0153BF003F78CB /* Utils */,
				688ABA111D0153BF003F78CB /* Images.xcassets */,
			);
			path = FoodNav;
			sourceTree = "<group>";
		};
		688ABA0E1D0153BF003F78CB /* 3rd */ = {
			isa = PBXGroup;
			children = (
				688ABA471D018A7C003F78CB /* Gaode_AMapNaviKit */,
				688ABA491D018A7C003F78CB /* Gaode_AMapLocationKit */,
				688ABA4B1D018A7C003F78CB /* Gaode_MAMapKit */,
			);
			path = 3rd;
			sourceTree = "<group>";
		};
		688ABA121D0153BF003F78CB /* Manager */ = {
			isa = PBXGroup;
			children = (
			);
			path = Manager;
			sourceTree = "<group>";
		};
		688ABA131D0153BF003F78CB /* Resource */ = {
			isa = PBXGroup;
			children = (
			);
			path = Resource;
			sourceTree = "<group>";
		};
		688ABA1B1D0153BF003F78CB /* UI */ = {
			isa = PBXGroup;
			children = (
				688ABA321D0153F8003F78CB /* Login */,
				68FFC9871D01DB2A001D76F5 /* FNavViewController.h */,
				68FFC9881D01DB2A001D76F5 /* FNavViewController.m */,
				68FFC9891D01DB2A001D76F5 /* FNavViewController.xib */,
			);
			path = UI;
			sourceTree = "<group>";
		};
		688ABA1F1D0153BF003F78CB /* Utils */ = {
			isa = PBXGroup;
			children = (
				688ABA201D0153BF003F78CB /* Category */,
				688ABA211D0153BF003F78CB /* Common */,
				688ABA241D0153BF003F78CB /* Constant */,
				688ABA261D0153BF003F78CB /* GlobalDef */,
				688ABA281D0153BF003F78CB /* MacroDef */,
			);
			path = Utils;
			sourceTree = "<group>";
		};
		688ABA201D0153BF003F78CB /* Category */ = {
			isa = PBXGroup;
			children = (
			);
			path = Category;
			sourceTree = "<group>";
		};
		688ABA211D0153BF003F78CB /* Common */ = {
			isa = PBXGroup;
			children = (
				688ABA221D0153BF003F78CB /* Common.h */,
				688ABA231D0153BF003F78CB /* Common.m */,
			);
			path = Common;
			sourceTree = "<group>";
		};
		688ABA241D0153BF003F78CB /* Constant */ = {
			isa = PBXGroup;
			children = (
				688ABA251D0153BF003F78CB /* Constant.h */,
			);
			path = Constant;
			sourceTree = "<group>";
		};
		688ABA261D0153BF003F78CB /* GlobalDef */ = {
			isa = PBXGroup;
			children = (
				688ABA271D0153BF003F78CB /* GlobalDef.h */,
			);
			path = GlobalDef;
			sourceTree = "<group>";
		};
		688ABA281D0153BF003F78CB /* MacroDef */ = {
			isa = PBXGroup;
			children = (
				688ABA291D0153BF003F78CB /* MacroDef.h */,
			);
			path = MacroDef;
			sourceTree = "<group>";
		};
		688ABA321D0153F8003F78CB /* Login */ = {
			isa = PBXGroup;
			children = (
				688ABA331D0153F8003F78CB /* FNLoginViewController.h */,
				688ABA341D0153F8003F78CB /* FNLoginViewController.m */,
				688ABA351D0153F8003F78CB /* FNLoginViewController.xib */,
			);
			path = Login;
			sourceTree = "<group>";
		};
		688ABA3A1D015639003F78CB /* en.lproj */ = {
			isa = PBXGroup;
			children = (
				688ABA3B1D015639003F78CB /* InfoPlist.strings */,
			);
			name = en.lproj;
			path = FoodNav/SupportFiles/en.lproj;
			sourceTree = SOURCE_ROOT;
		};
		688ABA3D1D015639003F78CB /* zh-Hans.lproj */ = {
			isa = PBXGroup;
			children = (
				688ABA3E1D015639003F78CB /* InfoPlist.strings */,
			);
			name = "zh-Hans.lproj";
			path = "FoodNav/SupportFiles/zh-Hans.lproj";
			sourceTree = SOURCE_ROOT;
		};
		688ABA471D018A7C003F78CB /* Gaode_AMapNaviKit */ = {
			isa = PBXGroup;
			children = (
				688ABA481D018A7C003F78CB /* AMapNaviKit.framework */,
			);
			path = Gaode_AMapNaviKit;
			sourceTree = "<group>";
		};
		688ABA491D018A7C003F78CB /* Gaode_AMapLocationKit */ = {
			isa = PBXGroup;
			children = (
				688ABA4A1D018A7C003F78CB /* AMapLocationKit.framework */,
			);
			path = Gaode_AMapLocationKit;
			sourceTree = "<group>";
		};
		688ABA4B1D018A7C003F78CB /* Gaode_MAMapKit */ = {
			isa = PBXGroup;
			children = (
				6825DD9F1D01CFDF00D8289F /* AMapFoundationKit.framework */,
				6825DDA01D01CFDF00D8289F /* AMapSearchKit.framework */,
				688ABA4C1D018A7C003F78CB /* MAMapKit.framework */,
			);
			path = Gaode_MAMapKit;
			sourceTree = "<group>";
		};
		84131F14176EACB400247373 = {
			isa = PBXGroup;
			children = (
				688ABA0D1D0153BF003F78CB /* FoodNav */,
				1D3B94B319505C98000C0C47 /* Frameworks */,
				84131F1E176EACB400247373 /* Products */,
				1D800976192CDD6700B9124E /* Supporting Files */,
			);
			sourceTree = "<group>";
		};
		84131F1E176EACB400247373 /* Products */ = {
			isa = PBXGroup;
			children = (
				84131F1D176EACB400247373 /* FoodNav.app */,
			);
			name = Products;
			sourceTree = "<group>";
		};
/* End PBXGroup section */

/* Begin PBXNativeTarget section */
		84131F1C176EACB400247373 /* FoodNav */ = {
			isa = PBXNativeTarget;
			buildConfigurationList = 84131F40176EACB400247373 /* Build configuration list for PBXNativeTarget "FoodNav" */;
			buildPhases = (
				84131F19176EACB400247373 /* Sources */,
				84131F1A176EACB400247373 /* Frameworks */,
				84131F1B176EACB400247373 /* Resources */,
			);
			buildRules = (
			);
			dependencies = (
			);
			name = FoodNav;
			productName = QQLogin;
			productReference = 84131F1D176EACB400247373 /* FoodNav.app */;
			productType = "com.apple.product-type.application";
		};
/* End PBXNativeTarget section */

/* Begin PBXProject section */
		84131F15176EACB400247373 /* Project object */ = {
			isa = PBXProject;
			attributes = {
				CLASSPREFIX = GZN;
				LastUpgradeCheck = 0700;
				ORGANIZATIONNAME = xxcao;
				TargetAttributes = {
					84131F1C176EACB400247373 = {
						DevelopmentTeam = Q49968XGJS;
						SystemCapabilities = {
							com.apple.Keychain = {
								enabled = 0;
							};
							com.apple.Maps.iOS = {
								enabled = 1;
							};
						};
					};
				};
			};
			buildConfigurationList = 84131F18176EACB400247373 /* Build configuration list for PBXProject "FoodNav" */;
			compatibilityVersion = "Xcode 3.2";
			developmentRegion = English;
			hasScannedForEncodings = 0;
			knownRegions = (
				en,
				"zh-Hans",
				"en-001",
				Base,
			);
			mainGroup = 84131F14176EACB400247373;
			productRefGroup = 84131F1E176EACB400247373 /* Products */;
			projectDirPath = "";
			projectRoot = "";
			targets = (
				84131F1C176EACB400247373 /* FoodNav */,
			);
		};
/* End PBXProject section */

/* Begin PBXResourcesBuildPhase section */
		84131F1B176EACB400247373 /* Resources */ = {
			isa = PBXResourcesBuildPhase;
			buildActionMask = 2147483647;
			files = (
				688ABA461D015772003F78CB /* InfoPlist.strings in Resources */,
				68FFC98B1D01DB2A001D76F5 /* FNavViewController.xib in Resources */,
				688ABA371D0153F8003F78CB /* FNLoginViewController.xib in Resources */,
				6825DDA41D01CFED00D8289F /* AMap.bundle in Resources */,
				688ABA2B1D0153BF003F78CB /* Images.xcassets in Resources */,
			);
			runOnlyForDeploymentPostprocessing = 0;
		};
/* End PBXResourcesBuildPhase section */

/* Begin PBXSourcesBuildPhase section */
		84131F19176EACB400247373 /* Sources */ = {
			isa = PBXSourcesBuildPhase;
			buildActionMask = 2147483647;
			files = (
				688ABA2A1D0153BF003F78CB /* AppDelegate.mm in Sources */,
				688ABA361D0153F8003F78CB /* FNLoginViewController.m in Sources */,
				688ABA441D015639003F78CB /* main.m in Sources */,
				688ABA311D0153BF003F78CB /* Common.m in Sources */,
				68FFC98A1D01DB2A001D76F5 /* FNavViewController.m in Sources */,
			);
			runOnlyForDeploymentPostprocessing = 0;
		};
/* End PBXSourcesBuildPhase section */

/* Begin PBXVariantGroup section */
		688ABA3B1D015639003F78CB /* InfoPlist.strings */ = {
			isa = PBXVariantGroup;
			children = (
				688ABA3C1D015639003F78CB /* en */,
			);
			name = InfoPlist.strings;
			sourceTree = "<group>";
		};
		688ABA3E1D015639003F78CB /* InfoPlist.strings */ = {
			isa = PBXVariantGroup;
			children = (
				688ABA3F1D015639003F78CB /* zh-Hans */,
			);
			name = InfoPlist.strings;
			sourceTree = "<group>";
		};
/* End PBXVariantGroup section */

/* Begin XCBuildConfiguration section */
		84131F3E176EACB400247373 /* Debug */ = {
			isa = XCBuildConfiguration;
			buildSettings = {
				ALWAYS_SEARCH_USER_PATHS = NO;
				CLANG_CXX_LANGUAGE_STANDARD = "gnu++0x";
				CLANG_CXX_LIBRARY = "libc++";
				CLANG_ENABLE_MODULES = YES;
				CLANG_MODULES_AUTOLINK = YES;
				CLANG_WARN_CONSTANT_CONVERSION = YES;
				CLANG_WARN_EMPTY_BODY = YES;
				CLANG_WARN_ENUM_CONVERSION = YES;
				CLANG_WARN_INT_CONVERSION = YES;
				CLANG_WARN__DUPLICATE_METHOD_MATCH = YES;
				CODE_SIGN_IDENTITY = "iPhone Developer";
				"CODE_SIGN_IDENTITY[sdk=*]" = "iPhone Developer";
				"CODE_SIGN_IDENTITY[sdk=iphoneos*]" = "iPhone Developer";
				COPY_PHASE_STRIP = NO;
				ENABLE_BITCODE = NO;
				ENABLE_TESTABILITY = YES;
				GCC_C_LANGUAGE_STANDARD = gnu99;
				GCC_DYNAMIC_NO_PIC = NO;
				GCC_OPTIMIZATION_LEVEL = 0;
				GCC_PREPROCESSOR_DEFINITIONS = (
					"DEBUG=1",
					"$(inherited)",
				);
				GCC_SYMBOLS_PRIVATE_EXTERN = NO;
				GCC_WARN_ABOUT_RETURN_TYPE = YES;
				GCC_WARN_UNINITIALIZED_AUTOS = YES;
				GCC_WARN_UNUSED_VARIABLE = YES;
				IPHONEOS_DEPLOYMENT_TARGET = 7.0;
				ONLY_ACTIVE_ARCH = YES;
				PROVISIONING_PROFILE = "";
				SDKROOT = iphoneos;
				VALID_ARCHS = "armv7 armv7s";
			};
			name = Debug;
		};
		84131F3F176EACB400247373 /* Release */ = {
			isa = XCBuildConfiguration;
			buildSettings = {
				ALWAYS_SEARCH_USER_PATHS = NO;
				CLANG_CXX_LANGUAGE_STANDARD = "gnu++0x";
				CLANG_CXX_LIBRARY = "libc++";
				CLANG_ENABLE_MODULES = YES;
				CLANG_MODULES_AUTOLINK = YES;
				CLANG_WARN_CONSTANT_CONVERSION = YES;
				CLANG_WARN_EMPTY_BODY = YES;
				CLANG_WARN_ENUM_CONVERSION = YES;
				CLANG_WARN_INT_CONVERSION = YES;
				CLANG_WARN__DUPLICATE_METHOD_MATCH = YES;
				CODE_SIGN_IDENTITY = "iPhone Developer";
				"CODE_SIGN_IDENTITY[sdk=iphoneos*]" = "iPhone Developer";
				COPY_PHASE_STRIP = YES;
				ENABLE_BITCODE = NO;
				GCC_C_LANGUAGE_STANDARD = gnu99;
				GCC_WARN_ABOUT_RETURN_TYPE = YES;
				GCC_WARN_UNINITIALIZED_AUTOS = YES;
				GCC_WARN_UNUSED_VARIABLE = YES;
				IPHONEOS_DEPLOYMENT_TARGET = 7.0;
				OTHER_CFLAGS = "-DNS_BLOCK_ASSERTIONS=1";
				PROVISIONING_PROFILE = "";
				SDKROOT = iphoneos;
				VALIDATE_PRODUCT = NO;
				VALID_ARCHS = "armv7 armv7s";
			};
			name = Release;
		};
		84131F41176EACB400247373 /* Debug */ = {
			isa = XCBuildConfiguration;
			buildSettings = {
				ASSETCATALOG_COMPILER_APPICON_NAME = AppIcon;
				CLANG_ENABLE_MODULES = YES;
				CLANG_ENABLE_OBJC_ARC = YES;
				CLANG_MODULES_AUTOLINK = YES;
				CODE_SIGN_IDENTITY = "iPhone Developer";
				"CODE_SIGN_IDENTITY[sdk=*]" = "iPhone Developer";
				"CODE_SIGN_IDENTITY[sdk=iphoneos*]" = "iPhone Developer";
				ENABLE_BITCODE = NO;
				FRAMEWORK_SEARCH_PATHS = (
					"$(inherited)",
					"$(PROJECT_DIR)/FoodNav/3rd/Gaode_AMapNaviKit",
					"$(PROJECT_DIR)/FoodNav/3rd/Gaode_AMapLocationKit",
					"$(PROJECT_DIR)/FoodNav/3rd/Gaode_MAMapKit",
				);
				GCC_INCREASE_PRECOMPILED_HEADER_SHARING = NO;
				GCC_PRECOMPILE_PREFIX_HEADER = YES;
				GCC_PREFIX_HEADER = "FoodNav/SupportFiles/FoodNav-Prefix.pch";
				HEADER_SEARCH_PATHS = (
					"$(BUILT_PRODUCTS_DIR)/include",
					../libs/include,
				);
				INFOPLIST_FILE = "FoodNav/SupportFiles/FoodNav-Info.plist";
				IPHONEOS_DEPLOYMENT_TARGET = 7.0;
				LIBRARY_SEARCH_PATHS = (
					"$(inherited)",
					"$(PROJECT_DIR)/FoodNav/3rd/Gaode_AMapNaviKit/AMapNaviKit.framework",
				);
				ONLY_ACTIVE_ARCH = NO;
				OTHER_LDFLAGS = "-Objc";
				PRODUCT_BUNDLE_IDENTIFIER = com.foodnav.cn;
				PRODUCT_NAME = FoodNav;
				PROVISIONING_PROFILE = "";
				STRIP_INSTALLED_PRODUCT = NO;
				TARGETED_DEVICE_FAMILY = "1,2";
				WRAPPER_EXTENSION = app;
			};
			name = Debug;
		};
		84131F42176EACB400247373 /* Release */ = {
			isa = XCBuildConfiguration;
			buildSettings = {
				ASSETCATALOG_COMPILER_APPICON_NAME = AppIcon;
				CLANG_ENABLE_MODULES = YES;
				CLANG_ENABLE_OBJC_ARC = YES;
				CLANG_MODULES_AUTOLINK = YES;
				CODE_SIGN_IDENTITY = "iPhone Developer";
				"CODE_SIGN_IDENTITY[sdk=iphoneos*]" = "iPhone Developer";
				ENABLE_BITCODE = NO;
				FRAMEWORK_SEARCH_PATHS = (
					"$(inherited)",
					"$(PROJECT_DIR)/FoodNav/3rd/Gaode_AMapNaviKit",
					"$(PROJECT_DIR)/FoodNav/3rd/Gaode_AMapLocationKit",
					"$(PROJECT_DIR)/FoodNav/3rd/Gaode_MAMapKit",
				);
				GCC_INCREASE_PRECOMPILED_HEADER_SHARING = NO;
				GCC_PRECOMPILE_PREFIX_HEADER = YES;
				GCC_PREFIX_HEADER = "FoodNav/SupportFiles/FoodNav-Prefix.pch";
				HEADER_SEARCH_PATHS = (
					"$(BUILT_PRODUCTS_DIR)/include",
					../libs/include,
				);
				INFOPLIST_FILE = "FoodNav/SupportFiles/FoodNav-Info.plist";
				IPHONEOS_DEPLOYMENT_TARGET = 7.0;
				LIBRARY_SEARCH_PATHS = (
					"$(inherited)",
					"$(PROJECT_DIR)/FoodNav/3rd/Gaode_AMapNaviKit/AMapNaviKit.framework",
				);
				OTHER_LDFLAGS = "-Objc";
				PRODUCT_BUNDLE_IDENTIFIER = com.foodnav.cn;
				PRODUCT_NAME = FoodNav;
				PROVISIONING_PROFILE = "";
				STRIP_INSTALLED_PRODUCT = NO;
				TARGETED_DEVICE_FAMILY = "1,2";
				WRAPPER_EXTENSION = app;
			};
			name = Release;
		};
/* End XCBuildConfiguration section */

/* Begin XCConfigurationList section */
		84131F18176EACB400247373 /* Build configuration list for PBXProject "FoodNav" */ = {
			isa = XCConfigurationList;
			buildConfigurations = (
				84131F3E176EACB400247373 /* Debug */,
				84131F3F176EACB400247373 /* Release */,
			);
			defaultConfigurationIsVisible = 0;
			defaultConfigurationName = Release;
		};
		84131F40176EACB400247373 /* Build configuration list for PBXNativeTarget "FoodNav" */ = {
			isa = XCConfigurationList;
			buildConfigurations = (
				84131F41176EACB400247373 /* Debug */,
				84131F42176EACB400247373 /* Release */,
			);
			defaultConfigurationIsVisible = 0;
			defaultConfigurationName = Release;
		};
/* End XCConfigurationList section */
	};
	rootObject = 84131F15176EACB400247373 /* Project object */;
}
